
Microsoft Visual Studio Solution File, Format Version 12.00
# Visual Studio Version 17
VisualStudioVersion = 17.9.34714.143
MinimumVisualStudioVersion = 10.0.40219.1
Project("{FAE04EC0-301F-11D3-BF4B-00C04F79EFBC}") = "EmployeesSysytem", "EmployeesSysytem\EmployeesSysytem.csproj", "{4FEEFFB8-E7CD-43CA-9550-C0196618A8F2}"
EndProject
Global
	GlobalSection(SolutionConfigurationPlatforms) = preSolution
		Debug|Any CPU = Debug|Any CPU
		Release|Any CPU = Release|Any CPU
	EndGlobalSection
	GlobalSection(ProjectConfigurationPlatforms) = postSolution
		{4FEEFFB8-E7CD-43CA-9550-C0196618A8F2}.Debug|Any CPU.ActiveCfg = Debug|Any CPU
		{4FEEFFB8-E7CD-43CA-9550-C0196618A8F2}.Debug|Any CPU.Build.0 = Debug|Any CPU
		{4FEEFFB8-E7CD-43CA-9550-C0196618A8F2}.Release|Any CPU.ActiveCfg = Release|Any CPU
		{4FEEFFB8-E7CD-43CA-9550-C0196618A8F2}.Release|Any CPU.Build.0 = Release|Any CPU
	EndGlobalSection
	GlobalSection(SolutionProperties) = preSolution
		HideSolutionNode = FALSE
	EndGlobalSection
	GlobalSection(ExtensibilityGlobals) = postSolution
		SolutionGuid = {A12CBE65-3BFF-4869-A058-56F67A951062}
	EndGlobalSection
EndGlobal
